// !$*UTF8*$!
{
	archiveVersion = 1;
	classes = {
	};
	objectVersion = 47;
	objects = {

/* Begin PBXBuildFile section */
		2800902E1D444AD5004C788E /* SwiftCheck.framework in Frameworks */ = {isa = PBXBuildFile; fileRef = 2800902D1D444AD5004C788E /* SwiftCheck.framework */; };
		2800904F1D444B64004C788E /* TrueTime.framework in Frameworks */ = {isa = PBXBuildFile; fileRef = 287C37B41D4419F800084D47 /* TrueTime.framework */; };
		280090551D444B85004C788E /* Curry.framework in Frameworks */ = {isa = PBXBuildFile; fileRef = 2800902F1D444AE5004C788E /* Curry.framework */; };
		280090561D444B85004C788E /* Nimble.framework in Frameworks */ = {isa = PBXBuildFile; fileRef = 280090301D444AE5004C788E /* Nimble.framework */; };
		280090571D444B85004C788E /* Quick.framework in Frameworks */ = {isa = PBXBuildFile; fileRef = 280090311D444AE5004C788E /* Quick.framework */; };
		280090581D444B85004C788E /* SwiftCheck.framework in Frameworks */ = {isa = PBXBuildFile; fileRef = 280090321D444AE5004C788E /* SwiftCheck.framework */; };
		280090661D45489D004C788E /* Endian.swift in Sources */ = {isa = PBXBuildFile; fileRef = 2800905F1D45489D004C788E /* Endian.swift */; };
		280090671D45489D004C788E /* Endian.swift in Sources */ = {isa = PBXBuildFile; fileRef = 2800905F1D45489D004C788E /* Endian.swift */; };
		2800906A1D45489D004C788E /* TrueTime.swift in Sources */ = {isa = PBXBuildFile; fileRef = 280090611D45489D004C788E /* TrueTime.swift */; };
		2800906B1D45489D004C788E /* TrueTime.swift in Sources */ = {isa = PBXBuildFile; fileRef = 280090611D45489D004C788E /* TrueTime.swift */; };
		2800906C1D45489D004C788E /* NTPExtensions.swift in Sources */ = {isa = PBXBuildFile; fileRef = 280090621D45489D004C788E /* NTPExtensions.swift */; };
		2800906D1D45489D004C788E /* NTPExtensions.swift in Sources */ = {isa = PBXBuildFile; fileRef = 280090621D45489D004C788E /* NTPExtensions.swift */; };
		2800906E1D45489D004C788E /* TimedOperation.swift in Sources */ = {isa = PBXBuildFile; fileRef = 280090631D45489D004C788E /* TimedOperation.swift */; };
		2800906F1D45489D004C788E /* TimedOperation.swift in Sources */ = {isa = PBXBuildFile; fileRef = 280090631D45489D004C788E /* TimedOperation.swift */; };
		280090701D45489D004C788E /* Reachability.swift in Sources */ = {isa = PBXBuildFile; fileRef = 280090641D45489D004C788E /* Reachability.swift */; };
		280090711D45489D004C788E /* Reachability.swift in Sources */ = {isa = PBXBuildFile; fileRef = 280090641D45489D004C788E /* Reachability.swift */; };
		280090721D45489D004C788E /* TrueTime.h in Headers */ = {isa = PBXBuildFile; fileRef = 280090651D45489D004C788E /* TrueTime.h */; settings = {ATTRIBUTES = (Public, ); }; };
		280090731D45489D004C788E /* TrueTime.h in Headers */ = {isa = PBXBuildFile; fileRef = 280090651D45489D004C788E /* TrueTime.h */; settings = {ATTRIBUTES = (Public, ); }; };
		280090781D4548A3004C788E /* ArbitraryExtensions.swift in Sources */ = {isa = PBXBuildFile; fileRef = 280090751D4548A3004C788E /* ArbitraryExtensions.swift */; };
		280090791D4548A3004C788E /* ArbitraryExtensions.swift in Sources */ = {isa = PBXBuildFile; fileRef = 280090751D4548A3004C788E /* ArbitraryExtensions.swift */; };
		2800907C1D4548A3004C788E /* NTPExtensionsSpec.swift in Sources */ = {isa = PBXBuildFile; fileRef = 280090771D4548A3004C788E /* NTPExtensionsSpec.swift */; };
		2800907D1D4548A3004C788E /* NTPExtensionsSpec.swift in Sources */ = {isa = PBXBuildFile; fileRef = 280090771D4548A3004C788E /* NTPExtensionsSpec.swift */; };
		280090831D454A9F004C788E /* AppDelegate.swift in Sources */ = {isa = PBXBuildFile; fileRef = 280090801D454A9F004C788E /* AppDelegate.swift */; };
		280090841D454A9F004C788E /* Assets.xcassets in Resources */ = {isa = PBXBuildFile; fileRef = 280090811D454A9F004C788E /* Assets.xcassets */; };
		28482DCD1D314E7B003491D9 /* TrueTime.framework in Frameworks */ = {isa = PBXBuildFile; fileRef = 28482DC21D314E7B003491D9 /* TrueTime.framework */; };
		285047E81D4D67B800DE4CE8 /* TrueTime.swift in Sources */ = {isa = PBXBuildFile; fileRef = 280090611D45489D004C788E /* TrueTime.swift */; };
		285047E91D4D67B800DE4CE8 /* TimedOperation.swift in Sources */ = {isa = PBXBuildFile; fileRef = 280090631D45489D004C788E /* TimedOperation.swift */; };
		285047EA1D4D67B800DE4CE8 /* NTPExtensions.swift in Sources */ = {isa = PBXBuildFile; fileRef = 280090621D45489D004C788E /* NTPExtensions.swift */; };
		285047EB1D4D67B800DE4CE8 /* Endian.swift in Sources */ = {isa = PBXBuildFile; fileRef = 2800905F1D45489D004C788E /* Endian.swift */; };
		285047EC1D4D67B800DE4CE8 /* Reachability.swift in Sources */ = {isa = PBXBuildFile; fileRef = 280090641D45489D004C788E /* Reachability.swift */; };
		285047ED1D4D681300DE4CE8 /* TrueTime.h in Headers */ = {isa = PBXBuildFile; fileRef = 280090651D45489D004C788E /* TrueTime.h */; settings = {ATTRIBUTES = (Public, ); }; };
		285047EE1D4D688000DE4CE8 /* TrueTime.framework in Frameworks */ = {isa = PBXBuildFile; fileRef = 285047DF1D4D641400DE4CE8 /* TrueTime.framework */; };
		285047EF1D4D68B000DE4CE8 /* Result.framework in Frameworks */ = {isa = PBXBuildFile; fileRef = 28682B591D4D2F2B00D65223 /* Result.framework */; };
		2866628E1D5B771D002CA06B /* HostResolver.swift in Sources */ = {isa = PBXBuildFile; fileRef = 2866628D1D5B771D002CA06B /* HostResolver.swift */; };
		286662901D5B7721002CA06B /* NTPConnection.swift in Sources */ = {isa = PBXBuildFile; fileRef = 2866628F1D5B7721002CA06B /* NTPConnection.swift */; };
		286662911D5B82BA002CA06B /* NTPConnection.swift in Sources */ = {isa = PBXBuildFile; fileRef = 2866628F1D5B7721002CA06B /* NTPConnection.swift */; };
		286662921D5B82BB002CA06B /* NTPConnection.swift in Sources */ = {isa = PBXBuildFile; fileRef = 2866628F1D5B7721002CA06B /* NTPConnection.swift */; };
		286662931D5B82BD002CA06B /* HostResolver.swift in Sources */ = {isa = PBXBuildFile; fileRef = 2866628D1D5B771D002CA06B /* HostResolver.swift */; };
		286662941D5B82BE002CA06B /* HostResolver.swift in Sources */ = {isa = PBXBuildFile; fileRef = 2866628D1D5B771D002CA06B /* HostResolver.swift */; };
		28682B651D4D2F4600D65223 /* ArbitraryExtensions.swift in Sources */ = {isa = PBXBuildFile; fileRef = 280090751D4548A3004C788E /* ArbitraryExtensions.swift */; };
		28682B661D4D2F4600D65223 /* NTPExtensionsSpec.swift in Sources */ = {isa = PBXBuildFile; fileRef = 280090771D4548A3004C788E /* NTPExtensionsSpec.swift */; };
		28682B751D4D308100D65223 /* Curry.framework in Frameworks */ = {isa = PBXBuildFile; fileRef = 28682B561D4D2F2B00D65223 /* Curry.framework */; };
		28682B761D4D308100D65223 /* Nimble.framework in Frameworks */ = {isa = PBXBuildFile; fileRef = 28682B571D4D2F2B00D65223 /* Nimble.framework */; };
		28682B771D4D308100D65223 /* Quick.framework in Frameworks */ = {isa = PBXBuildFile; fileRef = 28682B581D4D2F2B00D65223 /* Quick.framework */; };
		28682B781D4D308100D65223 /* SwiftCheck.framework in Frameworks */ = {isa = PBXBuildFile; fileRef = 28682B5A1D4D2F2B00D65223 /* SwiftCheck.framework */; };
		287485591DB140F70020B777 /* Default-568h@2x.png in Resources */ = {isa = PBXBuildFile; fileRef = 287485581DB140F70020B777 /* Default-568h@2x.png */; };
		2874855B1DB1AE720020B777 /* NTPResponse.swift in Sources */ = {isa = PBXBuildFile; fileRef = 2874855A1DB1AE720020B777 /* NTPResponse.swift */; };
		2874855C1DB1DFB80020B777 /* NTPResponse.swift in Sources */ = {isa = PBXBuildFile; fileRef = 2874855A1DB1AE720020B777 /* NTPResponse.swift */; };
		2874855D1DB1DFB90020B777 /* NTPResponse.swift in Sources */ = {isa = PBXBuildFile; fileRef = 2874855A1DB1AE720020B777 /* NTPResponse.swift */; };
		287C37D11D44202000084D47 /* Result.framework in Frameworks */ = {isa = PBXBuildFile; fileRef = 287C37D01D44202000084D47 /* Result.framework */; };
		287C37F01D4422CE00084D47 /* Result.framework in Frameworks */ = {isa = PBXBuildFile; fileRef = 287C37CB1D441FC700084D47 /* Result.framework */; };
		287C37FB1D44297000084D47 /* Result.framework in Copy Frameworks */ = {isa = PBXBuildFile; fileRef = 287C37D01D44202000084D47 /* Result.framework */; settings = {ATTRIBUTES = (CodeSignOnCopy, RemoveHeadersOnCopy, ); }; };
		28804D9B1D8A2B5600FB186F /* SocketAddress.swift in Sources */ = {isa = PBXBuildFile; fileRef = 28B93B511D8A05AC00DC91FD /* SocketAddress.swift */; };
		28804D9C1D8A2B5600FB186F /* SocketAddress.swift in Sources */ = {isa = PBXBuildFile; fileRef = 28B93B511D8A05AC00DC91FD /* SocketAddress.swift */; };
		288334C01DAF200000A38C7C /* NTPClient.swift in Sources */ = {isa = PBXBuildFile; fileRef = 288334BF1DAF200000A38C7C /* NTPClient.swift */; };
		288334C11DAF200000A38C7C /* NTPClient.swift in Sources */ = {isa = PBXBuildFile; fileRef = 288334BF1DAF200000A38C7C /* NTPClient.swift */; };
		288334C21DAF200000A38C7C /* NTPClient.swift in Sources */ = {isa = PBXBuildFile; fileRef = 288334BF1DAF200000A38C7C /* NTPClient.swift */; };
		288A04D01D31A1250032B6FE /* Nimble.framework in Frameworks */ = {isa = PBXBuildFile; fileRef = 288A04CE1D31A1250032B6FE /* Nimble.framework */; };
		288A04D11D31A1250032B6FE /* Quick.framework in Frameworks */ = {isa = PBXBuildFile; fileRef = 288A04CF1D31A1250032B6FE /* Quick.framework */; };
		288A04EC1D31A87F0032B6FE /* TrueTime.framework in Frameworks */ = {isa = PBXBuildFile; fileRef = 28482DC21D314E7B003491D9 /* TrueTime.framework */; };
		28902D511D517802006533D1 /* NTPIntegrationSpec.swift in Sources */ = {isa = PBXBuildFile; fileRef = 28902D501D517802006533D1 /* NTPIntegrationSpec.swift */; };
		28902D521D517802006533D1 /* NTPIntegrationSpec.swift in Sources */ = {isa = PBXBuildFile; fileRef = 28902D501D517802006533D1 /* NTPIntegrationSpec.swift */; };
		28902D531D517802006533D1 /* NTPIntegrationSpec.swift in Sources */ = {isa = PBXBuildFile; fileRef = 28902D501D517802006533D1 /* NTPIntegrationSpec.swift */; };
		28A88AA91DC1AA1600E1B8C3 /* ReferenceTime.swift in Sources */ = {isa = PBXBuildFile; fileRef = 28A88AA81DC1AA1600E1B8C3 /* ReferenceTime.swift */; };
		28A88AAA1DC1AA2700E1B8C3 /* ReferenceTime.swift in Sources */ = {isa = PBXBuildFile; fileRef = 28A88AA81DC1AA1600E1B8C3 /* ReferenceTime.swift */; };
		28A88AAB1DC1AA2800E1B8C3 /* ReferenceTime.swift in Sources */ = {isa = PBXBuildFile; fileRef = 28A88AA81DC1AA1600E1B8C3 /* ReferenceTime.swift */; };
		28AF2F7B1D3CB66100FE536A /* TrueTime.framework in Copy Frameworks */ = {isa = PBXBuildFile; fileRef = 28482DC21D314E7B003491D9 /* TrueTime.framework */; settings = {ATTRIBUTES = (CodeSignOnCopy, RemoveHeadersOnCopy, ); }; };
		28B93B521D8A05AC00DC91FD /* SocketAddress.swift in Sources */ = {isa = PBXBuildFile; fileRef = 28B93B511D8A05AC00DC91FD /* SocketAddress.swift */; };
		28BD08411D6248EC00D9981C /* TrueTime.m in Sources */ = {isa = PBXBuildFile; fileRef = 28BD083F1D6248EC00D9981C /* TrueTime.m */; };
		28BD08421D6257DA00D9981C /* TrueTime.m in Sources */ = {isa = PBXBuildFile; fileRef = 28BD083F1D6248EC00D9981C /* TrueTime.m */; };
		28BD08431D6257DA00D9981C /* TrueTime.m in Sources */ = {isa = PBXBuildFile; fileRef = 28BD083F1D6248EC00D9981C /* TrueTime.m */; };
		28EBCA001DC2CE6900CE788E /* GCDLock.swift in Sources */ = {isa = PBXBuildFile; fileRef = 28EBC9FF1DC2CE6900CE788E /* GCDLock.swift */; };
		28EBCA011DC2CE6900CE788E /* GCDLock.swift in Sources */ = {isa = PBXBuildFile; fileRef = 28EBC9FF1DC2CE6900CE788E /* GCDLock.swift */; };
		28EBCA021DC2CE6900CE788E /* GCDLock.swift in Sources */ = {isa = PBXBuildFile; fileRef = 28EBC9FF1DC2CE6900CE788E /* GCDLock.swift */; };
		28F30A3F1DC1374D00CCF4F0 /* ViewController.swift in Sources */ = {isa = PBXBuildFile; fileRef = 28F30A3D1DC1374700CCF4F0 /* ViewController.swift */; };
		28F79E121D3F06EA00437F36 /* Curry.framework in Frameworks */ = {isa = PBXBuildFile; fileRef = 28F79E111D3F06EA00437F36 /* Curry.framework */; };
/* End PBXBuildFile section */

/* Begin PBXContainerItemProxy section */
		280090501D444B64004C788E /* PBXContainerItemProxy */ = {
			isa = PBXContainerItemProxy;
			containerPortal = 28482DB91D314E7B003491D9 /* Project object */;
			proxyType = 1;
			remoteGlobalIDString = 287C37A31D4419F800084D47;
			remoteInfo = "TrueTime-Mac";
		};
		28482DCE1D314E7B003491D9 /* PBXContainerItemProxy */ = {
			isa = PBXContainerItemProxy;
			containerPortal = 28482DB91D314E7B003491D9 /* Project object */;
			proxyType = 1;
			remoteGlobalIDString = 28482DC11D314E7B003491D9;
			remoteInfo = ntp.swift;
		};
		288A04E91D31A7620032B6FE /* PBXContainerItemProxy */ = {
			isa = PBXContainerItemProxy;
			containerPortal = 28482DB91D314E7B003491D9 /* Project object */;
			proxyType = 1;
			remoteGlobalIDString = 28482DC11D314E7B003491D9;
			remoteInfo = ntp.swift;
		};
		2891022E1D4D696E001AB090 /* PBXContainerItemProxy */ = {
			isa = PBXContainerItemProxy;
			containerPortal = 28482DB91D314E7B003491D9 /* Project object */;
			proxyType = 1;
			remoteGlobalIDString = 285047DE1D4D641400DE4CE8;
			remoteInfo = "TrueTime-tvOS";
		};
/* End PBXContainerItemProxy section */

/* Begin PBXCopyFilesBuildPhase section */
		28C8A3F51D3378EB00A15372 /* Copy Frameworks */ = {
			isa = PBXCopyFilesBuildPhase;
			buildActionMask = 2147483647;
			dstPath = "";
			dstSubfolderSpec = 10;
			files = (
				287C37FB1D44297000084D47 /* Result.framework in Copy Frameworks */,
				28AF2F7B1D3CB66100FE536A /* TrueTime.framework in Copy Frameworks */,
			);
			name = "Copy Frameworks";
			runOnlyForDeploymentPostprocessing = 0;
		};
/* End PBXCopyFilesBuildPhase section */

/* Begin PBXFileReference section */
		2800902D1D444AD5004C788E /* SwiftCheck.framework */ = {isa = PBXFileReference; lastKnownFileType = wrapper.framework; name = SwiftCheck.framework; path = Carthage/Build/iOS/SwiftCheck.framework; sourceTree = "<group>"; };
		2800902F1D444AE5004C788E /* Curry.framework */ = {isa = PBXFileReference; lastKnownFileType = wrapper.framework; name = Curry.framework; path = Carthage/Build/Mac/Curry.framework; sourceTree = "<group>"; };
		280090301D444AE5004C788E /* Nimble.framework */ = {isa = PBXFileReference; lastKnownFileType = wrapper.framework; name = Nimble.framework; path = Carthage/Build/Mac/Nimble.framework; sourceTree = "<group>"; };
		280090311D444AE5004C788E /* Quick.framework */ = {isa = PBXFileReference; lastKnownFileType = wrapper.framework; name = Quick.framework; path = Carthage/Build/Mac/Quick.framework; sourceTree = "<group>"; };
		280090321D444AE5004C788E /* SwiftCheck.framework */ = {isa = PBXFileReference; lastKnownFileType = wrapper.framework; name = SwiftCheck.framework; path = Carthage/Build/Mac/SwiftCheck.framework; sourceTree = "<group>"; };
		2800904A1D444B64004C788E /* TrueTime-MacTests.xctest */ = {isa = PBXFileReference; explicitFileType = wrapper.cfbundle; includeInIndex = 0; path = "TrueTime-MacTests.xctest"; sourceTree = BUILT_PRODUCTS_DIR; };
		2800905F1D45489D004C788E /* Endian.swift */ = {isa = PBXFileReference; fileEncoding = 4; lastKnownFileType = sourcecode.swift; path = Endian.swift; sourceTree = "<group>"; };
		280090601D45489D004C788E /* Info.plist */ = {isa = PBXFileReference; fileEncoding = 4; lastKnownFileType = text.plist.xml; path = Info.plist; sourceTree = "<group>"; };
		280090611D45489D004C788E /* TrueTime.swift */ = {isa = PBXFileReference; fileEncoding = 4; lastKnownFileType = sourcecode.swift; path = TrueTime.swift; sourceTree = "<group>"; };
		280090621D45489D004C788E /* NTPExtensions.swift */ = {isa = PBXFileReference; fileEncoding = 4; lastKnownFileType = sourcecode.swift; path = NTPExtensions.swift; sourceTree = "<group>"; };
		280090631D45489D004C788E /* TimedOperation.swift */ = {isa = PBXFileReference; fileEncoding = 4; lastKnownFileType = sourcecode.swift; path = TimedOperation.swift; sourceTree = "<group>"; };
		280090641D45489D004C788E /* Reachability.swift */ = {isa = PBXFileReference; fileEncoding = 4; lastKnownFileType = sourcecode.swift; path = Reachability.swift; sourceTree = "<group>"; };
		280090651D45489D004C788E /* TrueTime.h */ = {isa = PBXFileReference; fileEncoding = 4; lastKnownFileType = sourcecode.c.h; path = TrueTime.h; sourceTree = "<group>"; };
		280090751D4548A3004C788E /* ArbitraryExtensions.swift */ = {isa = PBXFileReference; fileEncoding = 4; lastKnownFileType = sourcecode.swift; path = ArbitraryExtensions.swift; sourceTree = "<group>"; };
		280090761D4548A3004C788E /* Info.plist */ = {isa = PBXFileReference; fileEncoding = 4; lastKnownFileType = text.plist.xml; path = Info.plist; sourceTree = "<group>"; };
		280090771D4548A3004C788E /* NTPExtensionsSpec.swift */ = {isa = PBXFileReference; fileEncoding = 4; lastKnownFileType = sourcecode.swift; path = NTPExtensionsSpec.swift; sourceTree = "<group>"; };
		280090801D454A9F004C788E /* AppDelegate.swift */ = {isa = PBXFileReference; fileEncoding = 4; lastKnownFileType = sourcecode.swift; path = AppDelegate.swift; sourceTree = "<group>"; };
		280090811D454A9F004C788E /* Assets.xcassets */ = {isa = PBXFileReference; lastKnownFileType = folder.assetcatalog; path = Assets.xcassets; sourceTree = "<group>"; };
		280090821D454A9F004C788E /* Info.plist */ = {isa = PBXFileReference; fileEncoding = 4; lastKnownFileType = text.plist.xml; path = Info.plist; sourceTree = "<group>"; };
		282BD1DE1D5CE2E0000D78A7 /* Common.xcconfig */ = {isa = PBXFileReference; lastKnownFileType = text.xcconfig; path = Common.xcconfig; sourceTree = "<group>"; };
		282BD1E01D5CE2E0000D78A7 /* Debug.xcconfig */ = {isa = PBXFileReference; lastKnownFileType = text.xcconfig; path = Debug.xcconfig; sourceTree = "<group>"; };
		282BD1E11D5CE2E0000D78A7 /* Profile.xcconfig */ = {isa = PBXFileReference; lastKnownFileType = text.xcconfig; path = Profile.xcconfig; sourceTree = "<group>"; };
		282BD1E21D5CE2E0000D78A7 /* Release.xcconfig */ = {isa = PBXFileReference; lastKnownFileType = text.xcconfig; path = Release.xcconfig; sourceTree = "<group>"; };
		282BD1E31D5CE2E0000D78A7 /* Test.xcconfig */ = {isa = PBXFileReference; lastKnownFileType = text.xcconfig; path = Test.xcconfig; sourceTree = "<group>"; };
		282BD1E51D5CE2E0000D78A7 /* Application.xcconfig */ = {isa = PBXFileReference; lastKnownFileType = text.xcconfig; path = Application.xcconfig; sourceTree = "<group>"; };
		282BD1E61D5CE2E0000D78A7 /* Framework.xcconfig */ = {isa = PBXFileReference; lastKnownFileType = text.xcconfig; path = Framework.xcconfig; sourceTree = "<group>"; };
		282BD1E71D5CE2E0000D78A7 /* StaticLibrary.xcconfig */ = {isa = PBXFileReference; lastKnownFileType = text.xcconfig; path = StaticLibrary.xcconfig; sourceTree = "<group>"; };
		282BD1E91D5CE2E0000D78A7 /* iOS-Application.xcconfig */ = {isa = PBXFileReference; lastKnownFileType = text.xcconfig; path = "iOS-Application.xcconfig"; sourceTree = "<group>"; };
		282BD1EA1D5CE2E0000D78A7 /* iOS-Base.xcconfig */ = {isa = PBXFileReference; lastKnownFileType = text.xcconfig; path = "iOS-Base.xcconfig"; sourceTree = "<group>"; };
		282BD1EB1D5CE2E0000D78A7 /* iOS-Framework.xcconfig */ = {isa = PBXFileReference; lastKnownFileType = text.xcconfig; path = "iOS-Framework.xcconfig"; sourceTree = "<group>"; };
		282BD1EC1D5CE2E0000D78A7 /* iOS-StaticLibrary.xcconfig */ = {isa = PBXFileReference; lastKnownFileType = text.xcconfig; path = "iOS-StaticLibrary.xcconfig"; sourceTree = "<group>"; };
		282BD1EE1D5CE2E0000D78A7 /* Mac-Application.xcconfig */ = {isa = PBXFileReference; lastKnownFileType = text.xcconfig; path = "Mac-Application.xcconfig"; sourceTree = "<group>"; };
		282BD1EF1D5CE2E0000D78A7 /* Mac-Base.xcconfig */ = {isa = PBXFileReference; lastKnownFileType = text.xcconfig; path = "Mac-Base.xcconfig"; sourceTree = "<group>"; };
		282BD1F01D5CE2E0000D78A7 /* Mac-DynamicLibrary.xcconfig */ = {isa = PBXFileReference; lastKnownFileType = text.xcconfig; path = "Mac-DynamicLibrary.xcconfig"; sourceTree = "<group>"; };
		282BD1F11D5CE2E0000D78A7 /* Mac-Framework.xcconfig */ = {isa = PBXFileReference; lastKnownFileType = text.xcconfig; path = "Mac-Framework.xcconfig"; sourceTree = "<group>"; };
		282BD1F21D5CE2E0000D78A7 /* Mac-StaticLibrary.xcconfig */ = {isa = PBXFileReference; lastKnownFileType = text.xcconfig; path = "Mac-StaticLibrary.xcconfig"; sourceTree = "<group>"; };
		282BD1F51D5CE2E0000D78A7 /* tvOS-Application.xcconfig */ = {isa = PBXFileReference; lastKnownFileType = text.xcconfig; path = "tvOS-Application.xcconfig"; sourceTree = "<group>"; };
		282BD1F61D5CE2E0000D78A7 /* tvOS-Base.xcconfig */ = {isa = PBXFileReference; lastKnownFileType = text.xcconfig; path = "tvOS-Base.xcconfig"; sourceTree = "<group>"; };
		282BD1F71D5CE2E0000D78A7 /* tvOS-Framework.xcconfig */ = {isa = PBXFileReference; lastKnownFileType = text.xcconfig; path = "tvOS-Framework.xcconfig"; sourceTree = "<group>"; };
		282BD1F81D5CE2E0000D78A7 /* tvOS-StaticLibrary.xcconfig */ = {isa = PBXFileReference; lastKnownFileType = text.xcconfig; path = "tvOS-StaticLibrary.xcconfig"; sourceTree = "<group>"; };
		282BD1FA1D5CE2E0000D78A7 /* watchOS-Application.xcconfig */ = {isa = PBXFileReference; lastKnownFileType = text.xcconfig; path = "watchOS-Application.xcconfig"; sourceTree = "<group>"; };
		282BD1FB1D5CE2E0000D78A7 /* watchOS-Base.xcconfig */ = {isa = PBXFileReference; lastKnownFileType = text.xcconfig; path = "watchOS-Base.xcconfig"; sourceTree = "<group>"; };
		282BD1FC1D5CE2E0000D78A7 /* watchOS-Framework.xcconfig */ = {isa = PBXFileReference; lastKnownFileType = text.xcconfig; path = "watchOS-Framework.xcconfig"; sourceTree = "<group>"; };
		282BD1FD1D5CE2E0000D78A7 /* watchOS-StaticLibrary.xcconfig */ = {isa = PBXFileReference; lastKnownFileType = text.xcconfig; path = "watchOS-StaticLibrary.xcconfig"; sourceTree = "<group>"; };
		28482DC21D314E7B003491D9 /* TrueTime.framework */ = {isa = PBXFileReference; explicitFileType = wrapper.framework; includeInIndex = 0; path = TrueTime.framework; sourceTree = BUILT_PRODUCTS_DIR; };
		28482DCC1D314E7B003491D9 /* TrueTimeTests.xctest */ = {isa = PBXFileReference; explicitFileType = wrapper.cfbundle; includeInIndex = 0; path = TrueTimeTests.xctest; sourceTree = BUILT_PRODUCTS_DIR; };
		285047DF1D4D641400DE4CE8 /* TrueTime.framework */ = {isa = PBXFileReference; explicitFileType = wrapper.framework; includeInIndex = 0; path = TrueTime.framework; sourceTree = BUILT_PRODUCTS_DIR; };
		2866628D1D5B771D002CA06B /* HostResolver.swift */ = {isa = PBXFileReference; fileEncoding = 4; lastKnownFileType = sourcecode.swift; path = HostResolver.swift; sourceTree = "<group>"; };
		2866628F1D5B7721002CA06B /* NTPConnection.swift */ = {isa = PBXFileReference; fileEncoding = 4; lastKnownFileType = sourcecode.swift; path = NTPConnection.swift; sourceTree = "<group>"; };
		28682B561D4D2F2B00D65223 /* Curry.framework */ = {isa = PBXFileReference; lastKnownFileType = wrapper.framework; name = Curry.framework; path = Carthage/Build/tvOS/Curry.framework; sourceTree = "<group>"; };
		28682B571D4D2F2B00D65223 /* Nimble.framework */ = {isa = PBXFileReference; lastKnownFileType = wrapper.framework; name = Nimble.framework; path = Carthage/Build/tvOS/Nimble.framework; sourceTree = "<group>"; };
		28682B581D4D2F2B00D65223 /* Quick.framework */ = {isa = PBXFileReference; lastKnownFileType = wrapper.framework; name = Quick.framework; path = Carthage/Build/tvOS/Quick.framework; sourceTree = "<group>"; };
		28682B591D4D2F2B00D65223 /* Result.framework */ = {isa = PBXFileReference; lastKnownFileType = wrapper.framework; name = Result.framework; path = Carthage/Build/tvOS/Result.framework; sourceTree = "<group>"; };
		28682B5A1D4D2F2B00D65223 /* SwiftCheck.framework */ = {isa = PBXFileReference; lastKnownFileType = wrapper.framework; name = SwiftCheck.framework; path = Carthage/Build/tvOS/SwiftCheck.framework; sourceTree = "<group>"; };
		28682B731D4D2F4600D65223 /* TrueTime-TVTests.xctest */ = {isa = PBXFileReference; explicitFileType = wrapper.cfbundle; includeInIndex = 0; path = "TrueTime-TVTests.xctest"; sourceTree = BUILT_PRODUCTS_DIR; };
		287485581DB140F70020B777 /* Default-568h@2x.png */ = {isa = PBXFileReference; lastKnownFileType = image.png; path = "Default-568h@2x.png"; sourceTree = "<group>"; };
		2874855A1DB1AE720020B777 /* NTPResponse.swift */ = {isa = PBXFileReference; fileEncoding = 4; lastKnownFileType = sourcecode.swift; path = NTPResponse.swift; sourceTree = "<group>"; };
		287C37B41D4419F800084D47 /* TrueTime.framework */ = {isa = PBXFileReference; explicitFileType = wrapper.framework; includeInIndex = 0; path = TrueTime.framework; sourceTree = BUILT_PRODUCTS_DIR; };
		287C37CB1D441FC700084D47 /* Result.framework */ = {isa = PBXFileReference; lastKnownFileType = wrapper.framework; name = Result.framework; path = Carthage/Build/Mac/Result.framework; sourceTree = "<group>"; };
		287C37D01D44202000084D47 /* Result.framework */ = {isa = PBXFileReference; lastKnownFileType = wrapper.framework; name = Result.framework; path = Carthage/Build/iOS/Result.framework; sourceTree = "<group>"; };
		288334BF1DAF200000A38C7C /* NTPClient.swift */ = {isa = PBXFileReference; fileEncoding = 4; lastKnownFileType = sourcecode.swift; path = NTPClient.swift; sourceTree = "<group>"; };
		288A04CE1D31A1250032B6FE /* Nimble.framework */ = {isa = PBXFileReference; lastKnownFileType = wrapper.framework; name = Nimble.framework; path = Carthage/Build/iOS/Nimble.framework; sourceTree = "<group>"; };
		288A04CF1D31A1250032B6FE /* Quick.framework */ = {isa = PBXFileReference; lastKnownFileType = wrapper.framework; name = Quick.framework; path = Carthage/Build/iOS/Quick.framework; sourceTree = "<group>"; };
		288A04D71D31A74D0032B6FE /* TrueTimeExample.app */ = {isa = PBXFileReference; explicitFileType = wrapper.application; includeInIndex = 0; path = TrueTimeExample.app; sourceTree = BUILT_PRODUCTS_DIR; };
		28902D501D517802006533D1 /* NTPIntegrationSpec.swift */ = {isa = PBXFileReference; fileEncoding = 4; lastKnownFileType = sourcecode.swift; path = NTPIntegrationSpec.swift; sourceTree = "<group>"; };
		28A88AA81DC1AA1600E1B8C3 /* ReferenceTime.swift */ = {isa = PBXFileReference; fileEncoding = 4; lastKnownFileType = sourcecode.swift; path = ReferenceTime.swift; sourceTree = "<group>"; };
		28B93B511D8A05AC00DC91FD /* SocketAddress.swift */ = {isa = PBXFileReference; fileEncoding = 4; lastKnownFileType = sourcecode.swift; path = SocketAddress.swift; sourceTree = "<group>"; };
		28BD083F1D6248EC00D9981C /* TrueTime.m */ = {isa = PBXFileReference; fileEncoding = 4; lastKnownFileType = sourcecode.c.objc; path = TrueTime.m; sourceTree = "<group>"; };
		28EBC9FF1DC2CE6900CE788E /* GCDLock.swift */ = {isa = PBXFileReference; fileEncoding = 4; lastKnownFileType = sourcecode.swift; path = GCDLock.swift; sourceTree = "<group>"; };
		28F30A3D1DC1374700CCF4F0 /* ViewController.swift */ = {isa = PBXFileReference; fileEncoding = 4; lastKnownFileType = sourcecode.swift; path = ViewController.swift; sourceTree = "<group>"; };
		28F79E111D3F06EA00437F36 /* Curry.framework */ = {isa = PBXFileReference; lastKnownFileType = wrapper.framework; name = Curry.framework; path = Carthage/Build/iOS/Curry.framework; sourceTree = "<group>"; };
/* End PBXFileReference section */

/* Begin PBXFrameworksBuildPhase section */
		280090471D444B64004C788E /* Frameworks */ = {
			isa = PBXFrameworksBuildPhase;
			buildActionMask = 2147483647;
			files = (
				280090571D444B85004C788E /* Quick.framework in Frameworks */,
				280090561D444B85004C788E /* Nimble.framework in Frameworks */,
				280090551D444B85004C788E /* Curry.framework in Frameworks */,
				280090581D444B85004C788E /* SwiftCheck.framework in Frameworks */,
				2800904F1D444B64004C788E /* TrueTime.framework in Frameworks */,
			);
			runOnlyForDeploymentPostprocessing = 0;
		};
		28482DBE1D314E7B003491D9 /* Frameworks */ = {
			isa = PBXFrameworksBuildPhase;
			buildActionMask = 2147483647;
			files = (
				287C37D11D44202000084D47 /* Result.framework in Frameworks */,
			);
			runOnlyForDeploymentPostprocessing = 0;
		};
		28482DC91D314E7B003491D9 /* Frameworks */ = {
			isa = PBXFrameworksBuildPhase;
			buildActionMask = 2147483647;
			files = (
				28482DCD1D314E7B003491D9 /* TrueTime.framework in Frameworks */,
				288A04D01D31A1250032B6FE /* Nimble.framework in Frameworks */,
				288A04D11D31A1250032B6FE /* Quick.framework in Frameworks */,
				2800902E1D444AD5004C788E /* SwiftCheck.framework in Frameworks */,
				28F79E121D3F06EA00437F36 /* Curry.framework in Frameworks */,
			);
			runOnlyForDeploymentPostprocessing = 0;
		};
		285047DB1D4D641400DE4CE8 /* Frameworks */ = {
			isa = PBXFrameworksBuildPhase;
			buildActionMask = 2147483647;
			files = (
				285047EF1D4D68B000DE4CE8 /* Result.framework in Frameworks */,
			);
			runOnlyForDeploymentPostprocessing = 0;
		};
		28682B671D4D2F4600D65223 /* Frameworks */ = {
			isa = PBXFrameworksBuildPhase;
			buildActionMask = 2147483647;
			files = (
				285047EE1D4D688000DE4CE8 /* TrueTime.framework in Frameworks */,
				28682B751D4D308100D65223 /* Curry.framework in Frameworks */,
				28682B761D4D308100D65223 /* Nimble.framework in Frameworks */,
				28682B771D4D308100D65223 /* Quick.framework in Frameworks */,
				28682B781D4D308100D65223 /* SwiftCheck.framework in Frameworks */,
			);
			runOnlyForDeploymentPostprocessing = 0;
		};
		287C37AA1D4419F800084D47 /* Frameworks */ = {
			isa = PBXFrameworksBuildPhase;
			buildActionMask = 2147483647;
			files = (
				287C37F01D4422CE00084D47 /* Result.framework in Frameworks */,
			);
			runOnlyForDeploymentPostprocessing = 0;
		};
		288A04D41D31A74D0032B6FE /* Frameworks */ = {
			isa = PBXFrameworksBuildPhase;
			buildActionMask = 2147483647;
			files = (
				288A04EC1D31A87F0032B6FE /* TrueTime.framework in Frameworks */,
			);
			runOnlyForDeploymentPostprocessing = 0;
		};
/* End PBXFrameworksBuildPhase section */

/* Begin PBXGroup section */
		2800905D1D45489D004C788E /* Sources */ = {
			isa = PBXGroup;
			children = (
				280090611D45489D004C788E /* TrueTime.swift */,
				2866628D1D5B771D002CA06B /* HostResolver.swift */,
				288334BF1DAF200000A38C7C /* NTPClient.swift */,
				2866628F1D5B7721002CA06B /* NTPConnection.swift */,
				280090621D45489D004C788E /* NTPExtensions.swift */,
				2874855A1DB1AE720020B777 /* NTPResponse.swift */,
				280090641D45489D004C788E /* Reachability.swift */,
				28A88AA81DC1AA1600E1B8C3 /* ReferenceTime.swift */,
				28B93B511D8A05AC00DC91FD /* SocketAddress.swift */,
				280090631D45489D004C788E /* TimedOperation.swift */,
				2800905F1D45489D004C788E /* Endian.swift */,
				28EBC9FF1DC2CE6900CE788E /* GCDLock.swift */,
				280090651D45489D004C788E /* TrueTime.h */,
				28BD083F1D6248EC00D9981C /* TrueTime.m */,
				280090601D45489D004C788E /* Info.plist */,
			);
			path = Sources;
			sourceTree = "<group>";
		};
		280090741D4548A3004C788E /* Tests */ = {
			isa = PBXGroup;
			children = (
				280090771D4548A3004C788E /* NTPExtensionsSpec.swift */,
				280090751D4548A3004C788E /* ArbitraryExtensions.swift */,
				28902D501D517802006533D1 /* NTPIntegrationSpec.swift */,
				280090761D4548A3004C788E /* Info.plist */,
			);
			path = Tests;
			sourceTree = SOURCE_ROOT;
		};
		2800907E1D454A9F004C788E /* Examples */ = {
			isa = PBXGroup;
			children = (
				2800907F1D454A9F004C788E /* iOS */,
			);
			path = Examples;
			sourceTree = SOURCE_ROOT;
		};
		2800907F1D454A9F004C788E /* iOS */ = {
			isa = PBXGroup;
			children = (
				287485581DB140F70020B777 /* Default-568h@2x.png */,
				280090801D454A9F004C788E /* AppDelegate.swift */,
				28F30A3D1DC1374700CCF4F0 /* ViewController.swift */,
				280090811D454A9F004C788E /* Assets.xcassets */,
				280090821D454A9F004C788E /* Info.plist */,
			);
			path = iOS;
			sourceTree = "<group>";
		};
		282BD1DB1D5CE2E0000D78A7 /* Configuration */ = {
			isa = PBXGroup;
			children = (
				282BD1DD1D5CE2E0000D78A7 /* Base */,
				282BD1E81D5CE2E0000D78A7 /* iOS */,
				282BD1ED1D5CE2E0000D78A7 /* Mac OS X */,
				282BD1F41D5CE2E0000D78A7 /* tvOS */,
				282BD1F91D5CE2E0000D78A7 /* watchOS */,
			);
			name = Configuration;
			path = External/xcconfigs;
			sourceTree = "<group>";
		};
		282BD1DD1D5CE2E0000D78A7 /* Base */ = {
			isa = PBXGroup;
			children = (
				282BD1DE1D5CE2E0000D78A7 /* Common.xcconfig */,
				282BD1DF1D5CE2E0000D78A7 /* Configurations */,
				282BD1E41D5CE2E0000D78A7 /* Targets */,
			);
			path = Base;
			sourceTree = "<group>";
		};
		282BD1DF1D5CE2E0000D78A7 /* Configurations */ = {
			isa = PBXGroup;
			children = (
				282BD1E01D5CE2E0000D78A7 /* Debug.xcconfig */,
				282BD1E11D5CE2E0000D78A7 /* Profile.xcconfig */,
				282BD1E21D5CE2E0000D78A7 /* Release.xcconfig */,
				282BD1E31D5CE2E0000D78A7 /* Test.xcconfig */,
			);
			path = Configurations;
			sourceTree = "<group>";
		};
		282BD1E41D5CE2E0000D78A7 /* Targets */ = {
			isa = PBXGroup;
			children = (
				282BD1E51D5CE2E0000D78A7 /* Application.xcconfig */,
				282BD1E61D5CE2E0000D78A7 /* Framework.xcconfig */,
				282BD1E71D5CE2E0000D78A7 /* StaticLibrary.xcconfig */,
			);
			path = Targets;
			sourceTree = "<group>";
		};
		282BD1E81D5CE2E0000D78A7 /* iOS */ = {
			isa = PBXGroup;
			children = (
				282BD1E91D5CE2E0000D78A7 /* iOS-Application.xcconfig */,
				282BD1EA1D5CE2E0000D78A7 /* iOS-Base.xcconfig */,
				282BD1EB1D5CE2E0000D78A7 /* iOS-Framework.xcconfig */,
				282BD1EC1D5CE2E0000D78A7 /* iOS-StaticLibrary.xcconfig */,
			);
			path = iOS;
			sourceTree = "<group>";
		};
		282BD1ED1D5CE2E0000D78A7 /* Mac OS X */ = {
			isa = PBXGroup;
			children = (
				282BD1EE1D5CE2E0000D78A7 /* Mac-Application.xcconfig */,
				282BD1EF1D5CE2E0000D78A7 /* Mac-Base.xcconfig */,
				282BD1F01D5CE2E0000D78A7 /* Mac-DynamicLibrary.xcconfig */,
				282BD1F11D5CE2E0000D78A7 /* Mac-Framework.xcconfig */,
				282BD1F21D5CE2E0000D78A7 /* Mac-StaticLibrary.xcconfig */,
			);
			path = "Mac OS X";
			sourceTree = "<group>";
		};
		282BD1F41D5CE2E0000D78A7 /* tvOS */ = {
			isa = PBXGroup;
			children = (
				282BD1F51D5CE2E0000D78A7 /* tvOS-Application.xcconfig */,
				282BD1F61D5CE2E0000D78A7 /* tvOS-Base.xcconfig */,
				282BD1F71D5CE2E0000D78A7 /* tvOS-Framework.xcconfig */,
				282BD1F81D5CE2E0000D78A7 /* tvOS-StaticLibrary.xcconfig */,
			);
			path = tvOS;
			sourceTree = "<group>";
		};
		282BD1F91D5CE2E0000D78A7 /* watchOS */ = {
			isa = PBXGroup;
			children = (
				282BD1FA1D5CE2E0000D78A7 /* watchOS-Application.xcconfig */,
				282BD1FB1D5CE2E0000D78A7 /* watchOS-Base.xcconfig */,
				282BD1FC1D5CE2E0000D78A7 /* watchOS-Framework.xcconfig */,
				282BD1FD1D5CE2E0000D78A7 /* watchOS-StaticLibrary.xcconfig */,
			);
			path = watchOS;
			sourceTree = "<group>";
		};
		28482DB81D314E7B003491D9 = {
			isa = PBXGroup;
			children = (
				282BD1DB1D5CE2E0000D78A7 /* Configuration */,
				2800905D1D45489D004C788E /* Sources */,
				280090741D4548A3004C788E /* Tests */,
				2800907E1D454A9F004C788E /* Examples */,
				28482DC31D314E7B003491D9 /* Products */,
				287C37CF1D44201300084D47 /* Frameworks */,
			);
			sourceTree = "<group>";
		};
		28482DC31D314E7B003491D9 /* Products */ = {
			isa = PBXGroup;
			children = (
				28482DC21D314E7B003491D9 /* TrueTime.framework */,
				28482DCC1D314E7B003491D9 /* TrueTimeTests.xctest */,
				288A04D71D31A74D0032B6FE /* TrueTimeExample.app */,
				287C37B41D4419F800084D47 /* TrueTime.framework */,
				2800904A1D444B64004C788E /* TrueTime-MacTests.xctest */,
				28682B731D4D2F4600D65223 /* TrueTime-TVTests.xctest */,
				285047DF1D4D641400DE4CE8 /* TrueTime.framework */,
			);
			name = Products;
			sourceTree = "<group>";
		};
		28682B551D4D2F0600D65223 /* tvOS */ = {
			isa = PBXGroup;
			children = (
				28682B561D4D2F2B00D65223 /* Curry.framework */,
				28682B571D4D2F2B00D65223 /* Nimble.framework */,
				28682B581D4D2F2B00D65223 /* Quick.framework */,
				28682B591D4D2F2B00D65223 /* Result.framework */,
				28682B5A1D4D2F2B00D65223 /* SwiftCheck.framework */,
			);
			name = tvOS;
			sourceTree = "<group>";
		};
		287C37CD1D44200B00084D47 /* iOS */ = {
			isa = PBXGroup;
			children = (
				2800902D1D444AD5004C788E /* SwiftCheck.framework */,
				287C37D01D44202000084D47 /* Result.framework */,
				28F79E111D3F06EA00437F36 /* Curry.framework */,
				288A04CE1D31A1250032B6FE /* Nimble.framework */,
				288A04CF1D31A1250032B6FE /* Quick.framework */,
			);
			name = iOS;
			sourceTree = "<group>";
		};
		287C37CE1D44201000084D47 /* Mac */ = {
			isa = PBXGroup;
			children = (
				2800902F1D444AE5004C788E /* Curry.framework */,
				280090301D444AE5004C788E /* Nimble.framework */,
				280090311D444AE5004C788E /* Quick.framework */,
				280090321D444AE5004C788E /* SwiftCheck.framework */,
				287C37CB1D441FC700084D47 /* Result.framework */,
			);
			name = Mac;
			sourceTree = "<group>";
		};
		287C37CF1D44201300084D47 /* Frameworks */ = {
			isa = PBXGroup;
			children = (
				287C37CD1D44200B00084D47 /* iOS */,
				287C37CE1D44201000084D47 /* Mac */,
				28682B551D4D2F0600D65223 /* tvOS */,
			);
			name = Frameworks;
			sourceTree = "<group>";
		};
/* End PBXGroup section */

/* Begin PBXHeadersBuildPhase section */
		28482DBF1D314E7B003491D9 /* Headers */ = {
			isa = PBXHeadersBuildPhase;
			buildActionMask = 2147483647;
			files = (
				280090721D45489D004C788E /* TrueTime.h in Headers */,
			);
			runOnlyForDeploymentPostprocessing = 0;
		};
		285047DC1D4D641400DE4CE8 /* Headers */ = {
			isa = PBXHeadersBuildPhase;
			buildActionMask = 2147483647;
			files = (
				285047ED1D4D681300DE4CE8 /* TrueTime.h in Headers */,
			);
			runOnlyForDeploymentPostprocessing = 0;
		};
		287C37AC1D4419F800084D47 /* Headers */ = {
			isa = PBXHeadersBuildPhase;
			buildActionMask = 2147483647;
			files = (
				280090731D45489D004C788E /* TrueTime.h in Headers */,
			);
			runOnlyForDeploymentPostprocessing = 0;
		};
/* End PBXHeadersBuildPhase section */

/* Begin PBXNativeTarget section */
		280090491D444B64004C788E /* TrueTime-MacTests */ = {
			isa = PBXNativeTarget;
			buildConfigurationList = 280090521D444B64004C788E /* Build configuration list for PBXNativeTarget "TrueTime-MacTests" */;
			buildPhases = (
				280090461D444B64004C788E /* Sources */,
				280090471D444B64004C788E /* Frameworks */,
				280090481D444B64004C788E /* Resources */,
				2800905A1D444BCB004C788E /* Swift Lint */,
				2800905B1D444BD3004C788E /* Copy Carthage Frameworks */,
			);
			buildRules = (
			);
			dependencies = (
				280090511D444B64004C788E /* PBXTargetDependency */,
			);
			name = "TrueTime-MacTests";
			productName = "TrueTime-MacTests";
			productReference = 2800904A1D444B64004C788E /* TrueTime-MacTests.xctest */;
			productType = "com.apple.product-type.bundle.unit-test";
		};
		28482DC11D314E7B003491D9 /* TrueTime-iOS */ = {
			isa = PBXNativeTarget;
			buildConfigurationList = 28482DD61D314E7C003491D9 /* Build configuration list for PBXNativeTarget "TrueTime-iOS" */;
			buildPhases = (
				28482DBD1D314E7B003491D9 /* Sources */,
				28482DBE1D314E7B003491D9 /* Frameworks */,
				28482DBF1D314E7B003491D9 /* Headers */,
				28482DC01D314E7B003491D9 /* Resources */,
				28482DDE1D3155EC003491D9 /* Swift Lint */,
			);
			buildRules = (
			);
			dependencies = (
			);
			name = "TrueTime-iOS";
			productName = ntp.swift;
			productReference = 28482DC21D314E7B003491D9 /* TrueTime.framework */;
			productType = "com.apple.product-type.framework";
		};
		28482DCB1D314E7B003491D9 /* TrueTime-iOSTests */ = {
			isa = PBXNativeTarget;
			buildConfigurationList = 28482DD91D314E7C003491D9 /* Build configuration list for PBXNativeTarget "TrueTime-iOSTests" */;
			buildPhases = (
				28482DC81D314E7B003491D9 /* Sources */,
				28482DC91D314E7B003491D9 /* Frameworks */,
				28482DCA1D314E7B003491D9 /* Resources */,
				28F79E0E1D3EFE3700437F36 /* Swift Lint */,
				288A04D21D31A12A0032B6FE /* Copy Carthage Frameworks */,
			);
			buildRules = (
			);
			dependencies = (
				28482DCF1D314E7B003491D9 /* PBXTargetDependency */,
			);
			name = "TrueTime-iOSTests";
			productName = NetworkTimeTests;
			productReference = 28482DCC1D314E7B003491D9 /* TrueTimeTests.xctest */;
			productType = "com.apple.product-type.bundle.unit-test";
		};
		285047DE1D4D641400DE4CE8 /* TrueTime-tvOS */ = {
			isa = PBXNativeTarget;
			buildConfigurationList = 285047E41D4D641400DE4CE8 /* Build configuration list for PBXNativeTarget "TrueTime-tvOS" */;
			buildPhases = (
				285047DA1D4D641400DE4CE8 /* Sources */,
				285047DB1D4D641400DE4CE8 /* Frameworks */,
				285047DC1D4D641400DE4CE8 /* Headers */,
				285047DD1D4D641400DE4CE8 /* Resources */,
				285047E71D4D679300DE4CE8 /* Swift Lint */,
			);
			buildRules = (
			);
			dependencies = (
			);
			name = "TrueTime-tvOS";
			productName = Test;
			productReference = 285047DF1D4D641400DE4CE8 /* TrueTime.framework */;
			productType = "com.apple.product-type.framework";
		};
		28682B611D4D2F4600D65223 /* TrueTime-TVTests */ = {
			isa = PBXNativeTarget;
			buildConfigurationList = 28682B701D4D2F4600D65223 /* Build configuration list for PBXNativeTarget "TrueTime-TVTests" */;
			buildPhases = (
				28682B641D4D2F4600D65223 /* Sources */,
				28682B671D4D2F4600D65223 /* Frameworks */,
				28682B6D1D4D2F4600D65223 /* Resources */,
				28682B6E1D4D2F4600D65223 /* Swift Lint */,
				28682B6F1D4D2F4600D65223 /* Copy Carthage Frameworks */,
			);
			buildRules = (
			);
			dependencies = (
				2891022F1D4D696E001AB090 /* PBXTargetDependency */,
			);
			name = "TrueTime-TVTests";
			productName = "TrueTime-MacTests";
			productReference = 28682B731D4D2F4600D65223 /* TrueTime-TVTests.xctest */;
			productType = "com.apple.product-type.bundle.unit-test";
		};
		287C37A31D4419F800084D47 /* TrueTime-Mac */ = {
			isa = PBXNativeTarget;
			buildConfigurationList = 287C37B11D4419F800084D47 /* Build configuration list for PBXNativeTarget "TrueTime-Mac" */;
			buildPhases = (
				287C37A41D4419F800084D47 /* Sources */,
				287C37AA1D4419F800084D47 /* Frameworks */,
				287C37AC1D4419F800084D47 /* Headers */,
				287C37AF1D4419F800084D47 /* Resources */,
				287C37B01D4419F800084D47 /* Swift Lint */,
			);
			buildRules = (
			);
			dependencies = (
			);
			name = "TrueTime-Mac";
			productName = ntp.swift;
			productReference = 287C37B41D4419F800084D47 /* TrueTime.framework */;
			productType = "com.apple.product-type.framework";
		};
		288A04D61D31A74D0032B6FE /* TrueTime-iOSExample */ = {
			isa = PBXNativeTarget;
			buildConfigurationList = 288A04E61D31A74D0032B6FE /* Build configuration list for PBXNativeTarget "TrueTime-iOSExample" */;
			buildPhases = (
				288A04D31D31A74D0032B6FE /* Sources */,
				288A04D41D31A74D0032B6FE /* Frameworks */,
				288A04D51D31A74D0032B6FE /* Resources */,
				288A04EB1D31A7E70032B6FE /* Swift Lint */,
				28C8A3F51D3378EB00A15372 /* Copy Frameworks */,
			);
			buildRules = (
			);
			dependencies = (
				288A04EA1D31A7620032B6FE /* PBXTargetDependency */,
			);
			name = "TrueTime-iOSExample";
			productName = NTPExample;
			productReference = 288A04D71D31A74D0032B6FE /* TrueTimeExample.app */;
			productType = "com.apple.product-type.application";
		};
/* End PBXNativeTarget section */

/* Begin PBXProject section */
		28482DB91D314E7B003491D9 /* Project object */ = {
			isa = PBXProject;
			attributes = {
				LastSwiftUpdateCheck = 0730;
				LastUpgradeCheck = 0800;
				ORGANIZATIONNAME = Instacart;
				TargetAttributes = {
					280090491D444B64004C788E = {
						CreatedOnToolsVersion = 7.3.1;
					};
					28482DC11D314E7B003491D9 = {
						CreatedOnToolsVersion = 7.3.1;
						LastSwiftMigration = 0800;
					};
					28482DCB1D314E7B003491D9 = {
						CreatedOnToolsVersion = 7.3.1;
						LastSwiftMigration = 0800;
					};
					285047DE1D4D641400DE4CE8 = {
						CreatedOnToolsVersion = 7.3.1;
					};
					288A04D61D31A74D0032B6FE = {
						CreatedOnToolsVersion = 7.3.1;
						DevelopmentTeam = 59VC75K95Z;
						LastSwiftMigration = 0800;
					};
				};
			};
			buildConfigurationList = 28482DBC1D314E7B003491D9 /* Build configuration list for PBXProject "TrueTime" */;
			compatibilityVersion = "Xcode 6.3";
			developmentRegion = English;
			hasScannedForEncodings = 0;
			knownRegions = (
				en,
				Base,
			);
			mainGroup = 28482DB81D314E7B003491D9;
			productRefGroup = 28482DC31D314E7B003491D9 /* Products */;
			projectDirPath = "";
			projectRoot = "";
			targets = (
				28482DC11D314E7B003491D9 /* TrueTime-iOS */,
				287C37A31D4419F800084D47 /* TrueTime-Mac */,
				285047DE1D4D641400DE4CE8 /* TrueTime-tvOS */,
				28482DCB1D314E7B003491D9 /* TrueTime-iOSTests */,
				280090491D444B64004C788E /* TrueTime-MacTests */,
				28682B611D4D2F4600D65223 /* TrueTime-TVTests */,
				288A04D61D31A74D0032B6FE /* TrueTime-iOSExample */,
			);
		};
/* End PBXProject section */

/* Begin PBXResourcesBuildPhase section */
		280090481D444B64004C788E /* Resources */ = {
			isa = PBXResourcesBuildPhase;
			buildActionMask = 2147483647;
			files = (
			);
			runOnlyForDeploymentPostprocessing = 0;
		};
		28482DC01D314E7B003491D9 /* Resources */ = {
			isa = PBXResourcesBuildPhase;
			buildActionMask = 2147483647;
			files = (
			);
			runOnlyForDeploymentPostprocessing = 0;
		};
		28482DCA1D314E7B003491D9 /* Resources */ = {
			isa = PBXResourcesBuildPhase;
			buildActionMask = 2147483647;
			files = (
			);
			runOnlyForDeploymentPostprocessing = 0;
		};
		285047DD1D4D641400DE4CE8 /* Resources */ = {
			isa = PBXResourcesBuildPhase;
			buildActionMask = 2147483647;
			files = (
			);
			runOnlyForDeploymentPostprocessing = 0;
		};
		28682B6D1D4D2F4600D65223 /* Resources */ = {
			isa = PBXResourcesBuildPhase;
			buildActionMask = 2147483647;
			files = (
			);
			runOnlyForDeploymentPostprocessing = 0;
		};
		287C37AF1D4419F800084D47 /* Resources */ = {
			isa = PBXResourcesBuildPhase;
			buildActionMask = 2147483647;
			files = (
			);
			runOnlyForDeploymentPostprocessing = 0;
		};
		288A04D51D31A74D0032B6FE /* Resources */ = {
			isa = PBXResourcesBuildPhase;
			buildActionMask = 2147483647;
			files = (
				280090841D454A9F004C788E /* Assets.xcassets in Resources */,
				287485591DB140F70020B777 /* Default-568h@2x.png in Resources */,
			);
			runOnlyForDeploymentPostprocessing = 0;
		};
/* End PBXResourcesBuildPhase section */

/* Begin PBXShellScriptBuildPhase section */
		2800905A1D444BCB004C788E /* Swift Lint */ = {
			isa = PBXShellScriptBuildPhase;
			buildActionMask = 2147483647;
			files = (
			);
			inputPaths = (
			);
			name = "Swift Lint";
			outputPaths = (
			);
			runOnlyForDeploymentPostprocessing = 0;
			shellPath = /bin/sh;
			shellScript = "if which swiftlint >/dev/null; then\n    swiftlint lint --path \"$SOURCE_ROOT/Tests\"\nelse\n    >&2 echo \"warning: SwiftLint not installed, download from https://github.com/realm/SwiftLint\"\n    exit 1\nfi";
		};
		2800905B1D444BD3004C788E /* Copy Carthage Frameworks */ = {
			isa = PBXShellScriptBuildPhase;
			buildActionMask = 2147483647;
			files = (
			);
			inputPaths = (
				"$(SRCROOT)/Carthage/Build/Mac/Quick.framework",
				"$(SRCROOT)/Carthage/Build/Mac/Nimble.framework",
				"$(SRCROOT)/Carthage/Build/Mac/SwiftCheck.framework",
				"$(SRCROOT)/Carthage/Build/Mac/Result.framework",
				"$(SRCROOT)/Carthage/Build/Mac/Curry.framework",
			);
			name = "Copy Carthage Frameworks";
			outputPaths = (
			);
			runOnlyForDeploymentPostprocessing = 0;
			shellPath = /bin/sh;
			shellScript = "/usr/local/bin/carthage copy-frameworks\n";
		};
		28482DDE1D3155EC003491D9 /* Swift Lint */ = {
			isa = PBXShellScriptBuildPhase;
			buildActionMask = 2147483647;
			files = (
			);
			inputPaths = (
			);
			name = "Swift Lint";
			outputPaths = (
			);
			runOnlyForDeploymentPostprocessing = 0;
			shellPath = /bin/sh;
			shellScript = "if which swiftlint >/dev/null; then\n    swiftlint lint --path \"$SOURCE_ROOT/Sources\"\nelse\n    >&2 echo \"warning: SwiftLint not installed, download from https://github.com/realm/SwiftLint\"\n    exit 1\nfi";
		};
		285047E71D4D679300DE4CE8 /* Swift Lint */ = {
			isa = PBXShellScriptBuildPhase;
			buildActionMask = 2147483647;
			files = (
			);
			inputPaths = (
			);
			name = "Swift Lint";
			outputPaths = (
			);
			runOnlyForDeploymentPostprocessing = 0;
			shellPath = /bin/sh;
			shellScript = "if which swiftlint >/dev/null; then\n    swiftlint lint --path \"$SOURCE_ROOT/Sources\"\nelse\n    >&2 echo \"warning: SwiftLint not installed, download from https://github.com/realm/SwiftLint\"\n    exit 1\nfi";
		};
		28682B6E1D4D2F4600D65223 /* Swift Lint */ = {
			isa = PBXShellScriptBuildPhase;
			buildActionMask = 2147483647;
			files = (
			);
			inputPaths = (
			);
			name = "Swift Lint";
			outputPaths = (
			);
			runOnlyForDeploymentPostprocessing = 0;
			shellPath = /bin/sh;
			shellScript = "if which swiftlint >/dev/null; then\n    swiftlint lint --path \"$SOURCE_ROOT/Tests\"\nelse\n    >&2 echo \"warning: SwiftLint not installed, download from https://github.com/realm/SwiftLint\"\n    exit 1\nfi";
		};
		28682B6F1D4D2F4600D65223 /* Copy Carthage Frameworks */ = {
			isa = PBXShellScriptBuildPhase;
			buildActionMask = 2147483647;
			files = (
			);
			inputPaths = (
				"$(SRCROOT)/Carthage/Build/tvOS/Quick.framework",
				"$(SRCROOT)/Carthage/Build/tvOS/Nimble.framework",
				"$(SRCROOT)/Carthage/Build/tvOS/SwiftCheck.framework",
				"$(SRCROOT)/Carthage/Build/tvOS/Curry.framework",
				"$(SRCROOT)/Carthage/Build/tvOS/Result.framework",
			);
			name = "Copy Carthage Frameworks";
			outputPaths = (
			);
			runOnlyForDeploymentPostprocessing = 0;
			shellPath = /bin/sh;
			shellScript = "/usr/local/bin/carthage copy-frameworks\n";
		};
		287C37B01D4419F800084D47 /* Swift Lint */ = {
			isa = PBXShellScriptBuildPhase;
			buildActionMask = 2147483647;
			files = (
			);
			inputPaths = (
			);
			name = "Swift Lint";
			outputPaths = (
			);
			runOnlyForDeploymentPostprocessing = 0;
			shellPath = /bin/sh;
			shellScript = "if which swiftlint >/dev/null; then\n    swiftlint lint --path \"$SOURCE_ROOT/Sources\"\nelse\n    >&2 echo \"warning: SwiftLint not installed, download from https://github.com/realm/SwiftLint\"\n    exit 1\nfi";
		};
		288A04D21D31A12A0032B6FE /* Copy Carthage Frameworks */ = {
			isa = PBXShellScriptBuildPhase;
			buildActionMask = 2147483647;
			files = (
			);
			inputPaths = (
				"$(SRCROOT)/Carthage/Build/iOS/Nimble.framework",
				"$(SRCROOT)/Carthage/Build/iOS/Quick.framework",
				"$(SRCROOT)/Carthage/Build/iOS/Result.framework",
				"$(SRCROOT)/Carthage/Build/iOS/SwiftCheck.framework",
				"$(SRCROOT)/Carthage/Build/iOS/Curry.framework",
			);
			name = "Copy Carthage Frameworks";
			outputPaths = (
			);
			runOnlyForDeploymentPostprocessing = 0;
			shellPath = /bin/sh;
			shellScript = "/usr/local/bin/carthage copy-frameworks\n";
		};
		288A04EB1D31A7E70032B6FE /* Swift Lint */ = {
			isa = PBXShellScriptBuildPhase;
			buildActionMask = 2147483647;
			files = (
			);
			inputPaths = (
			);
			name = "Swift Lint";
			outputPaths = (
			);
			runOnlyForDeploymentPostprocessing = 0;
			shellPath = /bin/sh;
			shellScript = "if which swiftlint >/dev/null; then\n    swiftlint lint --path \"$SOURCE_ROOT/Examples/iOS\"\nelse\n    >&2 echo \"warning: SwiftLint not installed, download from https://github.com/realm/SwiftLint\"\n    exit 1\nfi";
		};
		28F79E0E1D3EFE3700437F36 /* Swift Lint */ = {
			isa = PBXShellScriptBuildPhase;
			buildActionMask = 2147483647;
			files = (
			);
			inputPaths = (
			);
			name = "Swift Lint";
			outputPaths = (
			);
			runOnlyForDeploymentPostprocessing = 0;
			shellPath = /bin/sh;
			shellScript = "if which swiftlint >/dev/null; then\n    swiftlint lint --path \"$SOURCE_ROOT/Tests\"\nelse\n    >&2 echo \"warning: SwiftLint not installed, download from https://github.com/realm/SwiftLint\"\n    exit 1\nfi";
		};
/* End PBXShellScriptBuildPhase section */

/* Begin PBXSourcesBuildPhase section */
		280090461D444B64004C788E /* Sources */ = {
			isa = PBXSourcesBuildPhase;
			buildActionMask = 2147483647;
			files = (
				280090791D4548A3004C788E /* ArbitraryExtensions.swift in Sources */,
				2800907D1D4548A3004C788E /* NTPExtensionsSpec.swift in Sources */,
				28902D521D517802006533D1 /* NTPIntegrationSpec.swift in Sources */,
			);
			runOnlyForDeploymentPostprocessing = 0;
		};
		28482DBD1D314E7B003491D9 /* Sources */ = {
			isa = PBXSourcesBuildPhase;
			buildActionMask = 2147483647;
			files = (
				2800906E1D45489D004C788E /* TimedOperation.swift in Sources */,
				28BD08411D6248EC00D9981C /* TrueTime.m in Sources */,
				28B93B521D8A05AC00DC91FD /* SocketAddress.swift in Sources */,
				2800906A1D45489D004C788E /* TrueTime.swift in Sources */,
				28EBCA001DC2CE6900CE788E /* GCDLock.swift in Sources */,
				2866628E1D5B771D002CA06B /* HostResolver.swift in Sources */,
				280090661D45489D004C788E /* Endian.swift in Sources */,
				2874855B1DB1AE720020B777 /* NTPResponse.swift in Sources */,
				280090701D45489D004C788E /* Reachability.swift in Sources */,
				28A88AA91DC1AA1600E1B8C3 /* ReferenceTime.swift in Sources */,
				286662901D5B7721002CA06B /* NTPConnection.swift in Sources */,
				2800906C1D45489D004C788E /* NTPExtensions.swift in Sources */,
				288334C01DAF200000A38C7C /* NTPClient.swift in Sources */,
			);
			runOnlyForDeploymentPostprocessing = 0;
		};
		28482DC81D314E7B003491D9 /* Sources */ = {
			isa = PBXSourcesBuildPhase;
			buildActionMask = 2147483647;
			files = (
				280090781D4548A3004C788E /* ArbitraryExtensions.swift in Sources */,
				2800907C1D4548A3004C788E /* NTPExtensionsSpec.swift in Sources */,
				28902D511D517802006533D1 /* NTPIntegrationSpec.swift in Sources */,
			);
			runOnlyForDeploymentPostprocessing = 0;
		};
		285047DA1D4D641400DE4CE8 /* Sources */ = {
			isa = PBXSourcesBuildPhase;
			buildActionMask = 2147483647;
			files = (
				285047E91D4D67B800DE4CE8 /* TimedOperation.swift in Sources */,
				285047E81D4D67B800DE4CE8 /* TrueTime.swift in Sources */,
				28804D9C1D8A2B5600FB186F /* SocketAddress.swift in Sources */,
				285047EB1D4D67B800DE4CE8 /* Endian.swift in Sources */,
				28EBCA021DC2CE6900CE788E /* GCDLock.swift in Sources */,
				285047EC1D4D67B800DE4CE8 /* Reachability.swift in Sources */,
				28BD08431D6257DA00D9981C /* TrueTime.m in Sources */,
				2874855D1DB1DFB90020B777 /* NTPResponse.swift in Sources */,
				286662941D5B82BE002CA06B /* HostResolver.swift in Sources */,
				28A88AAB1DC1AA2800E1B8C3 /* ReferenceTime.swift in Sources */,
				286662921D5B82BB002CA06B /* NTPConnection.swift in Sources */,
				285047EA1D4D67B800DE4CE8 /* NTPExtensions.swift in Sources */,
				288334C21DAF200000A38C7C /* NTPClient.swift in Sources */,
			);
			runOnlyForDeploymentPostprocessing = 0;
		};
		28682B641D4D2F4600D65223 /* Sources */ = {
			isa = PBXSourcesBuildPhase;
			buildActionMask = 2147483647;
			files = (
				28682B651D4D2F4600D65223 /* ArbitraryExtensions.swift in Sources */,
				28682B661D4D2F4600D65223 /* NTPExtensionsSpec.swift in Sources */,
				28902D531D517802006533D1 /* NTPIntegrationSpec.swift in Sources */,
			);
			runOnlyForDeploymentPostprocessing = 0;
		};
		287C37A41D4419F800084D47 /* Sources */ = {
			isa = PBXSourcesBuildPhase;
			buildActionMask = 2147483647;
			files = (
				2800906F1D45489D004C788E /* TimedOperation.swift in Sources */,
				2800906B1D45489D004C788E /* TrueTime.swift in Sources */,
				28804D9B1D8A2B5600FB186F /* SocketAddress.swift in Sources */,
				280090671D45489D004C788E /* Endian.swift in Sources */,
				28EBCA011DC2CE6900CE788E /* GCDLock.swift in Sources */,
				280090711D45489D004C788E /* Reachability.swift in Sources */,
				28BD08421D6257DA00D9981C /* TrueTime.m in Sources */,
				2874855C1DB1DFB80020B777 /* NTPResponse.swift in Sources */,
				286662931D5B82BD002CA06B /* HostResolver.swift in Sources */,
				28A88AAA1DC1AA2700E1B8C3 /* ReferenceTime.swift in Sources */,
				286662911D5B82BA002CA06B /* NTPConnection.swift in Sources */,
				2800906D1D45489D004C788E /* NTPExtensions.swift in Sources */,
				288334C11DAF200000A38C7C /* NTPClient.swift in Sources */,
			);
			runOnlyForDeploymentPostprocessing = 0;
		};
		288A04D31D31A74D0032B6FE /* Sources */ = {
			isa = PBXSourcesBuildPhase;
			buildActionMask = 2147483647;
			files = (
				28F30A3F1DC1374D00CCF4F0 /* ViewController.swift in Sources */,
				280090831D454A9F004C788E /* AppDelegate.swift in Sources */,
			);
			runOnlyForDeploymentPostprocessing = 0;
		};
/* End PBXSourcesBuildPhase section */

/* Begin PBXTargetDependency section */
		280090511D444B64004C788E /* PBXTargetDependency */ = {
			isa = PBXTargetDependency;
			target = 287C37A31D4419F800084D47 /* TrueTime-Mac */;
			targetProxy = 280090501D444B64004C788E /* PBXContainerItemProxy */;
		};
		28482DCF1D314E7B003491D9 /* PBXTargetDependency */ = {
			isa = PBXTargetDependency;
			target = 28482DC11D314E7B003491D9 /* TrueTime-iOS */;
			targetProxy = 28482DCE1D314E7B003491D9 /* PBXContainerItemProxy */;
		};
		288A04EA1D31A7620032B6FE /* PBXTargetDependency */ = {
			isa = PBXTargetDependency;
			target = 28482DC11D314E7B003491D9 /* TrueTime-iOS */;
			targetProxy = 288A04E91D31A7620032B6FE /* PBXContainerItemProxy */;
		};
		2891022F1D4D696E001AB090 /* PBXTargetDependency */ = {
			isa = PBXTargetDependency;
			target = 285047DE1D4D641400DE4CE8 /* TrueTime-tvOS */;
			targetProxy = 2891022E1D4D696E001AB090 /* PBXContainerItemProxy */;
		};
/* End PBXTargetDependency section */

/* Begin XCBuildConfiguration section */
		280090531D444B64004C788E /* Debug */ = {
			isa = XCBuildConfiguration;
			baseConfigurationReference = 282BD1EE1D5CE2E0000D78A7 /* Mac-Application.xcconfig */;
			buildSettings = {
				CODE_SIGN_IDENTITY = "-";
				COMBINE_HIDPI_IMAGES = YES;
				FRAMEWORK_SEARCH_PATHS = (
					"$(inherited)",
					"$(PROJECT_DIR)/Carthage/Build/Mac",
				);
				INFOPLIST_FILE = Tests/Info.plist;
				LD_RUNPATH_SEARCH_PATHS = "$(inherited) @executable_path/../Frameworks @loader_path/../Frameworks";
				MACOSX_DEPLOYMENT_TARGET = 10.9;
				PRODUCT_BUNDLE_IDENTIFIER = "com.instacart.TrueTime-MacTests";
				PRODUCT_NAME = "$(TARGET_NAME)";
				SDKROOT = macosx;
			};
			name = Debug;
		};
		280090541D444B64004C788E /* Release */ = {
			isa = XCBuildConfiguration;
			baseConfigurationReference = 282BD1EE1D5CE2E0000D78A7 /* Mac-Application.xcconfig */;
			buildSettings = {
				CODE_SIGN_IDENTITY = "-";
				COMBINE_HIDPI_IMAGES = YES;
				FRAMEWORK_SEARCH_PATHS = (
					"$(inherited)",
					"$(PROJECT_DIR)/Carthage/Build/Mac",
				);
				INFOPLIST_FILE = Tests/Info.plist;
				LD_RUNPATH_SEARCH_PATHS = "$(inherited) @executable_path/../Frameworks @loader_path/../Frameworks";
				MACOSX_DEPLOYMENT_TARGET = 10.9;
				PRODUCT_BUNDLE_IDENTIFIER = "com.instacart.TrueTime-MacTests";
				PRODUCT_NAME = "$(TARGET_NAME)";
				SDKROOT = macosx;
			};
			name = Release;
		};
		28482DD41D314E7C003491D9 /* Debug */ = {
			isa = XCBuildConfiguration;
			baseConfigurationReference = 282BD1E01D5CE2E0000D78A7 /* Debug.xcconfig */;
			buildSettings = {
				CLANG_ANALYZER_NONNULL = YES;
				CLANG_CXX_LANGUAGE_STANDARD = "gnu++0x";
				CLANG_CXX_LIBRARY = "libc++";
				CLANG_STATIC_ANALYZER_MODE = deep;
				CLANG_WARN_INFINITE_RECURSION = YES;
				CLANG_WARN_NULLABLE_TO_NONNULL_CONVERSION = YES;
				CLANG_WARN_SUSPICIOUS_MOVE = YES;
				"CODE_SIGN_IDENTITY[sdk=iphoneos*]" = "iPhone Developer";
				CURRENT_PROJECT_VERSION = 1;
				ENABLE_TESTABILITY = YES;
				GCC_WARN_ABOUT_MISSING_NEWLINE = YES;
				GCC_WARN_UNINITIALIZED_AUTOS = YES_AGGRESSIVE;
				IPHONEOS_DEPLOYMENT_TARGET = 8.0;
				MACOSX_DEPLOYMENT_TARGET = 10.9;
				MTL_ENABLE_DEBUG_INFO = YES;
				OTHER_SWIFT_FLAGS = "-D DEBUG_LOGGING";
				"OTHER_SWIFT_FLAGS[arch=*]" = "-D DEBUG_LOGGING";
				SDKROOT = "";
				SWIFT_INSTALL_OBJC_HEADER = NO;
				SWIFT_OBJC_BRIDGING_HEADER = "";
				SWIFT_VERSION = 2.3;
			};
			name = Debug;
		};
		28482DD51D314E7C003491D9 /* Release */ = {
			isa = XCBuildConfiguration;
			baseConfigurationReference = 282BD1E21D5CE2E0000D78A7 /* Release.xcconfig */;
			buildSettings = {
				CLANG_ANALYZER_NONNULL = YES;
				CLANG_CXX_LANGUAGE_STANDARD = "gnu++0x";
				CLANG_CXX_LIBRARY = "libc++";
				CLANG_STATIC_ANALYZER_MODE = deep;
				CLANG_WARN_INFINITE_RECURSION = YES;
				CLANG_WARN_NULLABLE_TO_NONNULL_CONVERSION = YES;
				CLANG_WARN_SUSPICIOUS_MOVE = YES;
				"CODE_SIGN_IDENTITY[sdk=iphoneos*]" = "iPhone Developer";
				CURRENT_PROJECT_VERSION = 1;
				DEAD_CODE_STRIPPING = YES;
				GCC_WARN_ABOUT_MISSING_NEWLINE = YES;
				GCC_WARN_UNINITIALIZED_AUTOS = YES_AGGRESSIVE;
				IPHONEOS_DEPLOYMENT_TARGET = 8.0;
				MACOSX_DEPLOYMENT_TARGET = 10.9;
				MTL_ENABLE_DEBUG_INFO = NO;
				SDKROOT = "";
				SWIFT_INSTALL_OBJC_HEADER = NO;
				SWIFT_OBJC_BRIDGING_HEADER = "";
				SWIFT_VERSION = 2.3;
			};
			name = Release;
		};
		28482DD71D314E7C003491D9 /* Debug */ = {
			isa = XCBuildConfiguration;
			baseConfigurationReference = 282BD1EB1D5CE2E0000D78A7 /* iOS-Framework.xcconfig */;
			buildSettings = {
				CLANG_ENABLE_MODULES = YES;
				"CODE_SIGN_IDENTITY[sdk=iphoneos*]" = "";
				DEFINES_MODULE = YES;
				DYLIB_COMPATIBILITY_VERSION = 1;
				DYLIB_CURRENT_VERSION = 1;
				DYLIB_INSTALL_NAME_BASE = "@rpath";
				ENABLE_TESTABILITY = YES;
				FRAMEWORK_SEARCH_PATHS = (
					"$(inherited)",
					"$(PROJECT_DIR)/Carthage/Build/iOS",
				);
				INFOPLIST_FILE = "$(SRCROOT)/Sources/Info.plist";
				INSTALL_PATH = "$(LOCAL_LIBRARY_DIR)/Frameworks";
				LD_RUNPATH_SEARCH_PATHS = "$(inherited) @executable_path/Frameworks @loader_path/Frameworks";
				PRODUCT_BUNDLE_IDENTIFIER = com.instacart.TrueTime;
				PRODUCT_NAME = TrueTime;
				SKIP_INSTALL = YES;
				SWIFT_INCLUDE_PATHS = "$(SRCROOT) $(SRCROOT)/External/CTrueTime";
				SWIFT_INSTALL_OBJC_HEADER = YES;
				SWIFT_OBJC_INTERFACE_HEADER_NAME = "$(SWIFT_MODULE_NAME)-Swift.h";
				SWIFT_OPTIMIZATION_LEVEL = "-Onone";
			};
			name = Debug;
		};
		28482DD81D314E7C003491D9 /* Release */ = {
			isa = XCBuildConfiguration;
			baseConfigurationReference = 282BD1EB1D5CE2E0000D78A7 /* iOS-Framework.xcconfig */;
			buildSettings = {
				CLANG_ENABLE_MODULES = YES;
				"CODE_SIGN_IDENTITY[sdk=iphoneos*]" = "";
				DEAD_CODE_STRIPPING = YES;
				DEFINES_MODULE = YES;
				DYLIB_COMPATIBILITY_VERSION = 1;
				DYLIB_CURRENT_VERSION = 1;
				DYLIB_INSTALL_NAME_BASE = "@rpath";
				FRAMEWORK_SEARCH_PATHS = (
					"$(inherited)",
					"$(PROJECT_DIR)/Carthage/Build/iOS",
				);
				INFOPLIST_FILE = "$(SRCROOT)/Sources/Info.plist";
				INSTALL_PATH = "$(LOCAL_LIBRARY_DIR)/Frameworks";
				LD_RUNPATH_SEARCH_PATHS = "$(inherited) @executable_path/Frameworks @loader_path/Frameworks";
				PRODUCT_BUNDLE_IDENTIFIER = com.instacart.TrueTime;
				PRODUCT_NAME = TrueTime;
				SKIP_INSTALL = YES;
				SWIFT_INCLUDE_PATHS = "$(SRCROOT) $(SRCROOT)/External/CTrueTime";
				SWIFT_INSTALL_OBJC_HEADER = YES;
				SWIFT_OBJC_INTERFACE_HEADER_NAME = "$(SWIFT_MODULE_NAME)-Swift.h";
				SWIFT_OPTIMIZATION_LEVEL = "-Owholemodule";
			};
			name = Release;
		};
		28482DDA1D314E7C003491D9 /* Debug */ = {
			isa = XCBuildConfiguration;
			baseConfigurationReference = 282BD1E91D5CE2E0000D78A7 /* iOS-Application.xcconfig */;
			buildSettings = {
				FRAMEWORK_SEARCH_PATHS = (
					"$(inherited)",
					"$(PROJECT_DIR)/Carthage/Build/iOS",
				);
				INFOPLIST_FILE = Tests/Info.plist;
				LD_RUNPATH_SEARCH_PATHS = "$(inherited) @executable_path/Frameworks @loader_path/Frameworks";
				PRODUCT_BUNDLE_IDENTIFIER = "com.instacart.TrueTime-iOSTests";
				PRODUCT_NAME = TrueTimeTests;
				SWIFT_INCLUDE_PATHS = "$(SRCROOT)";
				SWIFT_VERSION = 2.3;
			};
			name = Debug;
		};
		28482DDB1D314E7C003491D9 /* Release */ = {
			isa = XCBuildConfiguration;
			baseConfigurationReference = 282BD1E91D5CE2E0000D78A7 /* iOS-Application.xcconfig */;
			buildSettings = {
				FRAMEWORK_SEARCH_PATHS = (
					"$(inherited)",
					"$(PROJECT_DIR)/Carthage/Build/iOS",
				);
				INFOPLIST_FILE = Tests/Info.plist;
				LD_RUNPATH_SEARCH_PATHS = "$(inherited) @executable_path/Frameworks @loader_path/Frameworks";
				PRODUCT_BUNDLE_IDENTIFIER = "com.instacart.TrueTime-iOSTests";
				PRODUCT_NAME = TrueTimeTests;
				SWIFT_INCLUDE_PATHS = "$(SRCROOT)";
				SWIFT_VERSION = 2.3;
			};
			name = Release;
		};
		285047E51D4D641400DE4CE8 /* Debug */ = {
			isa = XCBuildConfiguration;
			baseConfigurationReference = 282BD1F71D5CE2E0000D78A7 /* tvOS-Framework.xcconfig */;
			buildSettings = {
				"CODE_SIGN_IDENTITY[sdk=appletvos*]" = "";
				DEFINES_MODULE = YES;
				DYLIB_COMPATIBILITY_VERSION = 1;
				DYLIB_CURRENT_VERSION = 1;
				DYLIB_INSTALL_NAME_BASE = "@rpath";
				ENABLE_TESTABILITY = YES;
				FRAMEWORK_SEARCH_PATHS = "$(PROJECT_DIR)/Carthage/Build/tvOS";
				INFOPLIST_FILE = "$(SRCROOT)/Sources/Info.plist";
				INSTALL_PATH = "$(LOCAL_LIBRARY_DIR)/Frameworks";
				LD_RUNPATH_SEARCH_PATHS = "$(inherited) @executable_path/Frameworks @loader_path/Frameworks";
				PRODUCT_BUNDLE_IDENTIFIER = com.instacart.TrueTime;
				PRODUCT_NAME = TrueTime;
				SDKROOT = appletvos;
				SKIP_INSTALL = YES;
				SWIFT_INCLUDE_PATHS = "$(SRCROOT) $(SRCROOT)/External/CTrueTime";
				TVOS_DEPLOYMENT_TARGET = 9.0;
			};
			name = Debug;
		};
		285047E61D4D641400DE4CE8 /* Release */ = {
			isa = XCBuildConfiguration;
			baseConfigurationReference = 282BD1F71D5CE2E0000D78A7 /* tvOS-Framework.xcconfig */;
			buildSettings = {
				"CODE_SIGN_IDENTITY[sdk=appletvos*]" = "";
				DEAD_CODE_STRIPPING = YES;
				DEFINES_MODULE = YES;
				DYLIB_COMPATIBILITY_VERSION = 1;
				DYLIB_CURRENT_VERSION = 1;
				DYLIB_INSTALL_NAME_BASE = "@rpath";
				FRAMEWORK_SEARCH_PATHS = "$(PROJECT_DIR)/Carthage/Build/tvOS";
				INFOPLIST_FILE = "$(SRCROOT)/Sources/Info.plist";
				INSTALL_PATH = "$(LOCAL_LIBRARY_DIR)/Frameworks";
				LD_RUNPATH_SEARCH_PATHS = "$(inherited) @executable_path/Frameworks @loader_path/Frameworks";
				PRODUCT_BUNDLE_IDENTIFIER = com.instacart.TrueTime;
				PRODUCT_NAME = TrueTime;
				SDKROOT = appletvos;
				SKIP_INSTALL = YES;
				SWIFT_INCLUDE_PATHS = "$(SRCROOT) $(SRCROOT)/External/CTrueTime";
				TVOS_DEPLOYMENT_TARGET = 9.0;
			};
			name = Release;
		};
		28682B711D4D2F4600D65223 /* Debug */ = {
			isa = XCBuildConfiguration;
			baseConfigurationReference = 282BD1F51D5CE2E0000D78A7 /* tvOS-Application.xcconfig */;
			buildSettings = {
				ALWAYS_EMBED_SWIFT_STANDARD_LIBRARIES = YES;
				COMBINE_HIDPI_IMAGES = YES;
				FRAMEWORK_SEARCH_PATHS = (
					"$(inherited)",
					"$(PROJECT_DIR)/Carthage/Build/tvOS",
				);
				INFOPLIST_FILE = Tests/Info.plist;
				LD_RUNPATH_SEARCH_PATHS = "$(inherited) @executable_path/Frameworks @loader_path/Frameworks";
				PRODUCT_BUNDLE_IDENTIFIER = "com.instacart.TrueTime-MacTests";
				PRODUCT_NAME = "$(TARGET_NAME)";
				SDKROOT = appletvos;
				TVOS_DEPLOYMENT_TARGET = 9.0;
			};
			name = Debug;
		};
		28682B721D4D2F4600D65223 /* Release */ = {
			isa = XCBuildConfiguration;
			baseConfigurationReference = 282BD1F51D5CE2E0000D78A7 /* tvOS-Application.xcconfig */;
			buildSettings = {
				ALWAYS_EMBED_SWIFT_STANDARD_LIBRARIES = YES;
				COMBINE_HIDPI_IMAGES = YES;
				FRAMEWORK_SEARCH_PATHS = (
					"$(inherited)",
					"$(PROJECT_DIR)/Carthage/Build/tvOS",
				);
				INFOPLIST_FILE = Tests/Info.plist;
				LD_RUNPATH_SEARCH_PATHS = "$(inherited) @executable_path/Frameworks @loader_path/Frameworks";
				PRODUCT_BUNDLE_IDENTIFIER = "com.instacart.TrueTime-MacTests";
				PRODUCT_NAME = "$(TARGET_NAME)";
				SDKROOT = appletvos;
				TVOS_DEPLOYMENT_TARGET = 9.0;
			};
			name = Release;
		};
		287C37B21D4419F800084D47 /* Debug */ = {
			isa = XCBuildConfiguration;
			baseConfigurationReference = 282BD1F11D5CE2E0000D78A7 /* Mac-Framework.xcconfig */;
			buildSettings = {
				CLANG_ENABLE_MODULES = YES;
				DEFINES_MODULE = YES;
				DYLIB_COMPATIBILITY_VERSION = 1;
				DYLIB_CURRENT_VERSION = 1;
				DYLIB_INSTALL_NAME_BASE = "@rpath";
				ENABLE_TESTABILITY = YES;
				FRAMEWORK_SEARCH_PATHS = (
					"$(inherited)",
					"$(PROJECT_DIR)/Carthage/Build/Mac",
				);
				INFOPLIST_FILE = "$(SRCROOT)/Sources/Info.plist";
				INSTALL_PATH = "$(LOCAL_LIBRARY_DIR)/Frameworks";
				LD_RUNPATH_SEARCH_PATHS = "$(inherited) @executable_path/Frameworks @loader_path/Frameworks";
				PRODUCT_BUNDLE_IDENTIFIER = com.instacart.TrueTime;
				PRODUCT_NAME = TrueTime;
				SDKROOT = macosx;
				SKIP_INSTALL = YES;
				SWIFT_INCLUDE_PATHS = "$(SRCROOT) $(SRCROOT)/External/CTrueTime";
				SWIFT_INSTALL_OBJC_HEADER = YES;
			};
			name = Debug;
		};
		287C37B31D4419F800084D47 /* Release */ = {
			isa = XCBuildConfiguration;
			baseConfigurationReference = 282BD1F11D5CE2E0000D78A7 /* Mac-Framework.xcconfig */;
			buildSettings = {
				CLANG_ENABLE_MODULES = YES;
				DEAD_CODE_STRIPPING = YES;
				DEFINES_MODULE = YES;
				DYLIB_COMPATIBILITY_VERSION = 1;
				DYLIB_CURRENT_VERSION = 1;
				DYLIB_INSTALL_NAME_BASE = "@rpath";
				FRAMEWORK_SEARCH_PATHS = (
					"$(inherited)",
					"$(PROJECT_DIR)/Carthage/Build/Mac",
				);
				INFOPLIST_FILE = "$(SRCROOT)/Sources/Info.plist";
				INSTALL_PATH = "$(LOCAL_LIBRARY_DIR)/Frameworks";
				LD_RUNPATH_SEARCH_PATHS = "$(inherited) @executable_path/Frameworks @loader_path/Frameworks";
				PRODUCT_BUNDLE_IDENTIFIER = com.instacart.TrueTime;
				PRODUCT_NAME = TrueTime;
				SDKROOT = macosx;
				SKIP_INSTALL = YES;
				SWIFT_INCLUDE_PATHS = "$(SRCROOT) $(SRCROOT)/External/CTrueTime";
				SWIFT_INSTALL_OBJC_HEADER = YES;
			};
			name = Release;
		};
		288A04E71D31A74D0032B6FE /* Debug */ = {
			isa = XCBuildConfiguration;
			baseConfigurationReference = 282BD1E91D5CE2E0000D78A7 /* iOS-Application.xcconfig */;
			buildSettings = {
				ASSETCATALOG_COMPILER_APPICON_NAME = AppIcon;
				DEVELOPMENT_TEAM = 59VC75K95Z;
				FRAMEWORK_SEARCH_PATHS = (
					"$(inherited)",
					"$(PROJECT_DIR)/Carthage/Build/iOS",
				);
				INFOPLIST_FILE = Examples/iOS/Info.plist;
				IPHONEOS_DEPLOYMENT_TARGET = 10.0;
				LD_RUNPATH_SEARCH_PATHS = "$(inherited) @executable_path/Frameworks";
				PRODUCT_BUNDLE_IDENTIFIER = com.instacart.NetworkTimeExample;
				PRODUCT_NAME = TrueTimeExample;
				SDKROOT = iphoneos;
				SWIFT_VERSION = 2.3;
			};
			name = Debug;
		};
		288A04E81D31A74D0032B6FE /* Release */ = {
			isa = XCBuildConfiguration;
			baseConfigurationReference = 282BD1E91D5CE2E0000D78A7 /* iOS-Application.xcconfig */;
			buildSettings = {
				ASSETCATALOG_COMPILER_APPICON_NAME = AppIcon;
				DEVELOPMENT_TEAM = 59VC75K95Z;
				FRAMEWORK_SEARCH_PATHS = (
					"$(inherited)",
					"$(PROJECT_DIR)/Carthage/Build/iOS",
				);
				INFOPLIST_FILE = Examples/iOS/Info.plist;
				IPHONEOS_DEPLOYMENT_TARGET = 10.0;
				LD_RUNPATH_SEARCH_PATHS = "$(inherited) @executable_path/Frameworks";
				PRODUCT_BUNDLE_IDENTIFIER = com.instacart.NetworkTimeExample;
				PRODUCT_NAME = TrueTimeExample;
				SDKROOT = iphoneos;
				SWIFT_VERSION = 2.3;
			};
			name = Release;
		};
/* End XCBuildConfiguration section */

/* Begin XCConfigurationList section */
		280090521D444B64004C788E /* Build configuration list for PBXNativeTarget "TrueTime-MacTests" */ = {
			isa = XCConfigurationList;
			buildConfigurations = (
				280090531D444B64004C788E /* Debug */,
				280090541D444B64004C788E /* Release */,
			);
			defaultConfigurationIsVisible = 0;
			defaultConfigurationName = Release;
		};
		28482DBC1D314E7B003491D9 /* Build configuration list for PBXProject "TrueTime" */ = {
			isa = XCConfigurationList;
			buildConfigurations = (
				28482DD41D314E7C003491D9 /* Debug */,
				28482DD51D314E7C003491D9 /* Release */,
			);
			defaultConfigurationIsVisible = 0;
			defaultConfigurationName = Release;
		};
		28482DD61D314E7C003491D9 /* Build configuration list for PBXNativeTarget "TrueTime-iOS" */ = {
			isa = XCConfigurationList;
			buildConfigurations = (
				28482DD71D314E7C003491D9 /* Debug */,
				28482DD81D314E7C003491D9 /* Release */,
			);
			defaultConfigurationIsVisible = 0;
			defaultConfigurationName = Release;
		};
		28482DD91D314E7C003491D9 /* Build configuration list for PBXNativeTarget "TrueTime-iOSTests" */ = {
			isa = XCConfigurationList;
			buildConfigurations = (
				28482DDA1D314E7C003491D9 /* Debug */,
				28482DDB1D314E7C003491D9 /* Release */,
			);
			defaultConfigurationIsVisible = 0;
			defaultConfigurationName = Release;
		};
		285047E41D4D641400DE4CE8 /* Build configuration list for PBXNativeTarget "TrueTime-tvOS" */ = {
			isa = XCConfigurationList;
			buildConfigurations = (
				285047E51D4D641400DE4CE8 /* Debug */,
				285047E61D4D641400DE4CE8 /* Release */,
			);
			defaultConfigurationIsVisible = 0;
			defaultConfigurationName = Release;
		};
		28682B701D4D2F4600D65223 /* Build configuration list for PBXNativeTarget "TrueTime-TVTests" */ = {
			isa = XCConfigurationList;
			buildConfigurations = (
				28682B711D4D2F4600D65223 /* Debug */,
				28682B721D4D2F4600D65223 /* Release */,
			);
			defaultConfigurationIsVisible = 0;
			defaultConfigurationName = Release;
		};
		287C37B11D4419F800084D47 /* Build configuration list for PBXNativeTarget "TrueTime-Mac" */ = {
			isa = XCConfigurationList;
			buildConfigurations = (
				287C37B21D4419F800084D47 /* Debug */,
				287C37B31D4419F800084D47 /* Release */,
			);
			defaultConfigurationIsVisible = 0;
			defaultConfigurationName = Release;
		};
		288A04E61D31A74D0032B6FE /* Build configuration list for PBXNativeTarget "TrueTime-iOSExample" */ = {
			isa = XCConfigurationList;
			buildConfigurations = (
				288A04E71D31A74D0032B6FE /* Debug */,
				288A04E81D31A74D0032B6FE /* Release */,
			);
			defaultConfigurationIsVisible = 0;
			defaultConfigurationName = Release;
		};
/* End XCConfigurationList section */
	};
	rootObject = 28482DB91D314E7B003491D9 /* Project object */;
}
