{
  "object": {
    "pins": [
      {
        "package": "Chalk",
        "repositoryURL": "https://github.com/mxcl/Chalk.git",
        "state": {
          "branch": null,
          "revision": "9aa9f348b86db3cf6702a3e43c081ecec80cf3c7",
          "version": "0.4.0"
        }
      },
      {
        "package": "FileCheck",
        "repositoryURL": "https://github.com/llvm-swift/FileCheck.git",
        "state": {
          "branch": null,
          "revision": "0dc8a5bff1a7f01e1d7bcc20c79e2127b2ea3eeb",
          "version": "0.2.5"
        }
      },
      {
        "package": "Nimble",
        "repositoryURL": "https://github.com/Quick/Nimble.git",
        "state": {
          "branch": null,
          "revision": "7a46a5fc86cb917f69e3daf79fcb045283d8f008",
          "version": "8.1.2"
        }
      },
      {
        "package": "Quick",
        "repositoryURL": "https://github.com/Quick/Quick.git",
        "state": {
          "branch": null,
          "revision": "09b3becb37cb2163919a3842a4c5fa6ec7130792",
          "version": "2.2.1"
        }
      },
      {
        "package": "swift-argument-parser",
        "repositoryURL": "https://github.com/apple/swift-argument-parser",
        "state": {
          "branch": null,
          "revision": "9564d61b08a5335ae0a36f789a7d71493eacadfc",
          "version": "0.3.2"
        }
      },
      {
        "package": "SwiftCheck",
        "repositoryURL": "https://github.com/typelift/SwiftCheck.git",
        "state": {
          "branch": null,
          "revision": "077c096c3ddfc38db223ac8e525ad16ffb987138",
          "version": "0.12.0"
        }
      }
    ]
  },
  "version": 1
}
